
Microsoft Visual Studio Solution File, Format Version 12.00
# Visual Studio Version 16
VisualStudioVersion = 16.0.30011.22
MinimumVisualStudioVersion = 10.0.40219.1
Project("{8BC9CEB8-8B4A-11D0-8D11-00A0C91BC942}") = "zombies and Humans", "zombies and Humans\zombies and Humans.vcxproj", "{89B1D65C-80CC-4615-BA51-20FFAEB150C7}"
EndProject
Global
	GlobalSection(SolutionConfigurationPlatforms) = preSolution
		Debug|x64 = Debug|x64
		Debug|x86 = Debug|x86
		Release|x64 = Release|x64
		Release|x86 = Release|x86
	EndGlobalSection
	GlobalSection(ProjectConfigurationPlatforms) = postSolution
		{89B1D65C-80CC-4615-BA51-20FFAEB150C7}.Debug|x64.ActiveCfg = Debug|x64
		{89B1D65C-80CC-4615-BA51-20FFAEB150C7}.Debug|x64.Build.0 = Debug|x64
		{89B1D65C-80CC-4615-BA51-20FFAEB150C7}.Debug|x86.ActiveCfg = Debug|Win32
		{89B1D65C-80CC-4615-BA51-20FFAEB150C7}.Debug|x86.Build.0 = Debug|Win32
		{89B1D65C-80CC-4615-BA51-20FFAEB150C7}.Release|x64.ActiveCfg = Release|x64
		{89B1D65C-80CC-4615-BA51-20FFAEB150C7}.Release|x64.Build.0 = Release|x64
		{89B1D65C-80CC-4615-BA51-20FFAEB150C7}.Release|x86.ActiveCfg = Release|Win32
		{89B1D65C-80CC-4615-BA51-20FFAEB150C7}.Release|x86.Build.0 = Release|Win32
	EndGlobalSection
	GlobalSection(SolutionProperties) = preSolution
		HideSolutionNode = FALSE
	EndGlobalSection
	GlobalSection(ExtensibilityGlobals) = postSolution
		SolutionGuid = {ADDBC6AC-2FC1-46E5-964F-212C2F626CFD}
	EndGlobalSection
EndGlobal
